
Microsoft Visual Studio Solution File, Format Version 12.00
# Visual Studio 15
VisualStudioVersion = 15.0.27703.2026
MinimumVisualStudioVersion = 10.0.40219.1
Project("{8BC9CEB8-8B4A-11D0-8D11-00A0C91BC942}") = "CPP_Multithreading_Cookbook", "CPP_Multithreading_Cookbook\CPP_Multithreading_Cookbook.vcxproj", "{8394CFB4-4542-4D05-862F-CCE671532245}"
EndProject
Project("{8BC9CEB8-8B4A-11D0-8D11-00A0C91BC942}") = "1.1_TestDemo", "CH1\1.1_TestDemo\1.1_TestDemo.vcxproj", "{2004CCFD-F9E8-4A6A-A0E2-875D7262D9A2}"
EndProject
Project("{2150E333-8FDC-42A3-9474-1A3956D46DE8}") = "CH1", "CH1", "{E463D843-85CC-474F-987C-6095A450EB4E}"
EndProject
Project("{8BC9CEB8-8B4A-11D0-8D11-00A0C91BC942}") = "1.4_ComplexTest", "CH1\1.4_ComplexTest\1.4_ComplexTest.vcxproj", "{9AB61F5E-6C64-428F-8070-520B22A9682E}"
EndProject
Project("{8BC9CEB8-8B4A-11D0-8D11-00A0C91BC942}") = "1.4_ComplexTest_Advanced", "CH1\1.4_ComplexTest_Advanced\1.4_ComplexTest_Advanced.vcxproj", "{DDA41671-8A4C-406A-B36B-00F5D44AEEE3}"
EndProject
Project("{8BC9CEB8-8B4A-11D0-8D11-00A0C91BC942}") = "1.5_ComplexTestOO", "CH1\1.5_ComplexTestOO\1.5_ComplexTestOO.vcxproj", "{BEB279FC-87CB-4BAC-A090-BEA607F23868}"
EndProject
Project("{8BC9CEB8-8B4A-11D0-8D11-00A0C91BC942}") = "1.6_InheritanceTest", "CH1\1.6_InheritanceTest\1.6_InheritanceTest.vcxproj", "{8A3651D5-1D5B-47CD-972A-5CBB3F0835BB}"
EndProject
Project("{8BC9CEB8-8B4A-11D0-8D11-00A0C91BC942}") = "1.7_PolymorphismTest", "CH1\1.7_PolymorphismTest\1.7_PolymorphismTest.vcxproj", "{F9C226C2-EF51-4DFA-AD48-6BDE06D9FD30}"
EndProject
Project("{8BC9CEB8-8B4A-11D0-8D11-00A0C91BC942}") = "2.3_ProcessDemo", "CH2\2.3_ProcessDemo\2.3_ProcessDemo.vcxproj", "{0D353F0B-30E9-4F90-955A-10A0E2466E7B}"
EndProject
Project("{2150E333-8FDC-42A3-9474-1A3956D46DE8}") = "CH2", "CH2", "{3E1E1046-085D-4609-BBB8-335B1889A5D5}"
EndProject
Project("{8BC9CEB8-8B4A-11D0-8D11-00A0C91BC942}") = "2.4_NtProcessDemo", "CH2\2.4_NtProcessDemo\2.4_NtProcessDemo.vcxproj", "{807849FF-8A1A-421A-872F-C4F978F1666F}"
EndProject
Global
	GlobalSection(SolutionConfigurationPlatforms) = preSolution
		Debug|x64 = Debug|x64
		Debug|x86 = Debug|x86
		Release|x64 = Release|x64
		Release|x86 = Release|x86
	EndGlobalSection
	GlobalSection(ProjectConfigurationPlatforms) = postSolution
		{8394CFB4-4542-4D05-862F-CCE671532245}.Debug|x64.ActiveCfg = Debug|x64
		{8394CFB4-4542-4D05-862F-CCE671532245}.Debug|x64.Build.0 = Debug|x64
		{8394CFB4-4542-4D05-862F-CCE671532245}.Debug|x86.ActiveCfg = Debug|Win32
		{8394CFB4-4542-4D05-862F-CCE671532245}.Debug|x86.Build.0 = Debug|Win32
		{8394CFB4-4542-4D05-862F-CCE671532245}.Release|x64.ActiveCfg = Release|x64
		{8394CFB4-4542-4D05-862F-CCE671532245}.Release|x64.Build.0 = Release|x64
		{8394CFB4-4542-4D05-862F-CCE671532245}.Release|x86.ActiveCfg = Release|Win32
		{8394CFB4-4542-4D05-862F-CCE671532245}.Release|x86.Build.0 = Release|Win32
		{2004CCFD-F9E8-4A6A-A0E2-875D7262D9A2}.Debug|x64.ActiveCfg = Debug|x64
		{2004CCFD-F9E8-4A6A-A0E2-875D7262D9A2}.Debug|x64.Build.0 = Debug|x64
		{2004CCFD-F9E8-4A6A-A0E2-875D7262D9A2}.Debug|x86.ActiveCfg = Debug|Win32
		{2004CCFD-F9E8-4A6A-A0E2-875D7262D9A2}.Debug|x86.Build.0 = Debug|Win32
		{2004CCFD-F9E8-4A6A-A0E2-875D7262D9A2}.Release|x64.ActiveCfg = Release|x64
		{2004CCFD-F9E8-4A6A-A0E2-875D7262D9A2}.Release|x64.Build.0 = Release|x64
		{2004CCFD-F9E8-4A6A-A0E2-875D7262D9A2}.Release|x86.ActiveCfg = Release|Win32
		{2004CCFD-F9E8-4A6A-A0E2-875D7262D9A2}.Release|x86.Build.0 = Release|Win32
		{9AB61F5E-6C64-428F-8070-520B22A9682E}.Debug|x64.ActiveCfg = Debug|x64
		{9AB61F5E-6C64-428F-8070-520B22A9682E}.Debug|x64.Build.0 = Debug|x64
		{9AB61F5E-6C64-428F-8070-520B22A9682E}.Debug|x86.ActiveCfg = Debug|Win32
		{9AB61F5E-6C64-428F-8070-520B22A9682E}.Debug|x86.Build.0 = Debug|Win32
		{9AB61F5E-6C64-428F-8070-520B22A9682E}.Release|x64.ActiveCfg = Release|x64
		{9AB61F5E-6C64-428F-8070-520B22A9682E}.Release|x64.Build.0 = Release|x64
		{9AB61F5E-6C64-428F-8070-520B22A9682E}.Release|x86.ActiveCfg = Release|Win32
		{9AB61F5E-6C64-428F-8070-520B22A9682E}.Release|x86.Build.0 = Release|Win32
		{DDA41671-8A4C-406A-B36B-00F5D44AEEE3}.Debug|x64.ActiveCfg = Debug|x64
		{DDA41671-8A4C-406A-B36B-00F5D44AEEE3}.Debug|x64.Build.0 = Debug|x64
		{DDA41671-8A4C-406A-B36B-00F5D44AEEE3}.Debug|x86.ActiveCfg = Debug|Win32
		{DDA41671-8A4C-406A-B36B-00F5D44AEEE3}.Debug|x86.Build.0 = Debug|Win32
		{DDA41671-8A4C-406A-B36B-00F5D44AEEE3}.Release|x64.ActiveCfg = Release|x64
		{DDA41671-8A4C-406A-B36B-00F5D44AEEE3}.Release|x64.Build.0 = Release|x64
		{DDA41671-8A4C-406A-B36B-00F5D44AEEE3}.Release|x86.ActiveCfg = Release|Win32
		{DDA41671-8A4C-406A-B36B-00F5D44AEEE3}.Release|x86.Build.0 = Release|Win32
		{BEB279FC-87CB-4BAC-A090-BEA607F23868}.Debug|x64.ActiveCfg = Debug|x64
		{BEB279FC-87CB-4BAC-A090-BEA607F23868}.Debug|x64.Build.0 = Debug|x64
		{BEB279FC-87CB-4BAC-A090-BEA607F23868}.Debug|x86.ActiveCfg = Debug|Win32
		{BEB279FC-87CB-4BAC-A090-BEA607F23868}.Debug|x86.Build.0 = Debug|Win32
		{BEB279FC-87CB-4BAC-A090-BEA607F23868}.Release|x64.ActiveCfg = Release|x64
		{BEB279FC-87CB-4BAC-A090-BEA607F23868}.Release|x64.Build.0 = Release|x64
		{BEB279FC-87CB-4BAC-A090-BEA607F23868}.Release|x86.ActiveCfg = Release|Win32
		{BEB279FC-87CB-4BAC-A090-BEA607F23868}.Release|x86.Build.0 = Release|Win32
		{8A3651D5-1D5B-47CD-972A-5CBB3F0835BB}.Debug|x64.ActiveCfg = Debug|x64
		{8A3651D5-1D5B-47CD-972A-5CBB3F0835BB}.Debug|x64.Build.0 = Debug|x64
		{8A3651D5-1D5B-47CD-972A-5CBB3F0835BB}.Debug|x86.ActiveCfg = Debug|Win32
		{8A3651D5-1D5B-47CD-972A-5CBB3F0835BB}.Debug|x86.Build.0 = Debug|Win32
		{8A3651D5-1D5B-47CD-972A-5CBB3F0835BB}.Release|x64.ActiveCfg = Release|x64
		{8A3651D5-1D5B-47CD-972A-5CBB3F0835BB}.Release|x64.Build.0 = Release|x64
		{8A3651D5-1D5B-47CD-972A-5CBB3F0835BB}.Release|x86.ActiveCfg = Release|Win32
		{8A3651D5-1D5B-47CD-972A-5CBB3F0835BB}.Release|x86.Build.0 = Release|Win32
		{F9C226C2-EF51-4DFA-AD48-6BDE06D9FD30}.Debug|x64.ActiveCfg = Debug|x64
		{F9C226C2-EF51-4DFA-AD48-6BDE06D9FD30}.Debug|x64.Build.0 = Debug|x64
		{F9C226C2-EF51-4DFA-AD48-6BDE06D9FD30}.Debug|x86.ActiveCfg = Debug|Win32
		{F9C226C2-EF51-4DFA-AD48-6BDE06D9FD30}.Debug|x86.Build.0 = Debug|Win32
		{F9C226C2-EF51-4DFA-AD48-6BDE06D9FD30}.Release|x64.ActiveCfg = Release|x64
		{F9C226C2-EF51-4DFA-AD48-6BDE06D9FD30}.Release|x64.Build.0 = Release|x64
		{F9C226C2-EF51-4DFA-AD48-6BDE06D9FD30}.Release|x86.ActiveCfg = Release|Win32
		{F9C226C2-EF51-4DFA-AD48-6BDE06D9FD30}.Release|x86.Build.0 = Release|Win32
		{0D353F0B-30E9-4F90-955A-10A0E2466E7B}.Debug|x64.ActiveCfg = Debug|x64
		{0D353F0B-30E9-4F90-955A-10A0E2466E7B}.Debug|x64.Build.0 = Debug|x64
		{0D353F0B-30E9-4F90-955A-10A0E2466E7B}.Debug|x86.ActiveCfg = Debug|Win32
		{0D353F0B-30E9-4F90-955A-10A0E2466E7B}.Debug|x86.Build.0 = Debug|Win32
		{0D353F0B-30E9-4F90-955A-10A0E2466E7B}.Release|x64.ActiveCfg = Release|x64
		{0D353F0B-30E9-4F90-955A-10A0E2466E7B}.Release|x64.Build.0 = Release|x64
		{0D353F0B-30E9-4F90-955A-10A0E2466E7B}.Release|x86.ActiveCfg = Release|Win32
		{0D353F0B-30E9-4F90-955A-10A0E2466E7B}.Release|x86.Build.0 = Release|Win32
		{807849FF-8A1A-421A-872F-C4F978F1666F}.Debug|x64.ActiveCfg = Debug|x64
		{807849FF-8A1A-421A-872F-C4F978F1666F}.Debug|x64.Build.0 = Debug|x64
		{807849FF-8A1A-421A-872F-C4F978F1666F}.Debug|x86.ActiveCfg = Debug|Win32
		{807849FF-8A1A-421A-872F-C4F978F1666F}.Debug|x86.Build.0 = Debug|Win32
		{807849FF-8A1A-421A-872F-C4F978F1666F}.Release|x64.ActiveCfg = Release|x64
		{807849FF-8A1A-421A-872F-C4F978F1666F}.Release|x64.Build.0 = Release|x64
		{807849FF-8A1A-421A-872F-C4F978F1666F}.Release|x86.ActiveCfg = Release|Win32
		{807849FF-8A1A-421A-872F-C4F978F1666F}.Release|x86.Build.0 = Release|Win32
	EndGlobalSection
	GlobalSection(SolutionProperties) = preSolution
		HideSolutionNode = FALSE
	EndGlobalSection
	GlobalSection(NestedProjects) = preSolution
		{2004CCFD-F9E8-4A6A-A0E2-875D7262D9A2} = {E463D843-85CC-474F-987C-6095A450EB4E}
		{9AB61F5E-6C64-428F-8070-520B22A9682E} = {E463D843-85CC-474F-987C-6095A450EB4E}
		{DDA41671-8A4C-406A-B36B-00F5D44AEEE3} = {E463D843-85CC-474F-987C-6095A450EB4E}
		{BEB279FC-87CB-4BAC-A090-BEA607F23868} = {E463D843-85CC-474F-987C-6095A450EB4E}
		{8A3651D5-1D5B-47CD-972A-5CBB3F0835BB} = {E463D843-85CC-474F-987C-6095A450EB4E}
		{F9C226C2-EF51-4DFA-AD48-6BDE06D9FD30} = {E463D843-85CC-474F-987C-6095A450EB4E}
		{0D353F0B-30E9-4F90-955A-10A0E2466E7B} = {3E1E1046-085D-4609-BBB8-335B1889A5D5}
		{807849FF-8A1A-421A-872F-C4F978F1666F} = {3E1E1046-085D-4609-BBB8-335B1889A5D5}
	EndGlobalSection
	GlobalSection(ExtensibilityGlobals) = postSolution
		SolutionGuid = {6CF5DDE3-CDA0-41FC-8D39-8B89E43028CB}
	EndGlobalSection
EndGlobal
